// !$*UTF8*$!
{
	archiveVersion = 1;
	classes = {
	};
	objectVersion = 56;
	objects = {

/* Begin PBXBuildFile section */
		04869A7D2AE76D7800109D86 /* NetworkPathMonitorProtocol.swift in Sources */ = {isa = PBXBuildFile; fileRef = 04869A7C2AE76D7800109D86 /* NetworkPathMonitorProtocol.swift */; };
		04869A7F2AE76DB400109D86 /* NetworkPathMonitor.swift in Sources */ = {isa = PBXBuildFile; fileRef = 04869A7E2AE76DB400109D86 /* NetworkPathMonitor.swift */; };
		04869A822AE7817900109D86 /* MockNetworkPathMonitor.swift in Sources */ = {isa = PBXBuildFile; fileRef = 04869A812AE7817900109D86 /* MockNetworkPathMonitor.swift */; };
		04B68CAB2AE6E57900B7EC28 /* MockNWPathMonitorApp.swift in Sources */ = {isa = PBXBuildFile; fileRef = 04B68CAA2AE6E57900B7EC28 /* MockNWPathMonitorApp.swift */; };
		04B68CAD2AE6E57900B7EC28 /* AppView.swift in Sources */ = {isa = PBXBuildFile; fileRef = 04B68CAC2AE6E57900B7EC28 /* AppView.swift */; };
		04B68CAF2AE6E57A00B7EC28 /* Assets.xcassets in Resources */ = {isa = PBXBuildFile; fileRef = 04B68CAE2AE6E57A00B7EC28 /* Assets.xcassets */; };
		04B68CB22AE6E57A00B7EC28 /* Preview Assets.xcassets in Resources */ = {isa = PBXBuildFile; fileRef = 04B68CB12AE6E57A00B7EC28 /* Preview Assets.xcassets */; };
		04B68CD52AE6E6F400B7EC28 /* AppViewModel.swift in Sources */ = {isa = PBXBuildFile; fileRef = 04B68CD42AE6E6F400B7EC28 /* AppViewModel.swift */; };
/* End PBXBuildFile section */

/* Begin PBXContainerItemProxy section */
		04B68CB82AE6E57B00B7EC28 /* PBXContainerItemProxy */ = {
			isa = PBXContainerItemProxy;
			containerPortal = 04B68C9F2AE6E57900B7EC28 /* Project object */;
			proxyType = 1;
			remoteGlobalIDString = 04B68CA62AE6E57900B7EC28;
			remoteInfo = MockNWPathMonitor;
		};
/* End PBXContainerItemProxy section */

/* Begin PBXFileReference section */
		04869A7C2AE76D7800109D86 /* NetworkPathMonitorProtocol.swift */ = {isa = PBXFileReference; lastKnownFileType = sourcecode.swift; path = NetworkPathMonitorProtocol.swift; sourceTree = "<group>"; };
		04869A7E2AE76DB400109D86 /* NetworkPathMonitor.swift */ = {isa = PBXFileReference; lastKnownFileType = sourcecode.swift; path = NetworkPathMonitor.swift; sourceTree = "<group>"; };
		04869A812AE7817900109D86 /* MockNetworkPathMonitor.swift */ = {isa = PBXFileReference; lastKnownFileType = sourcecode.swift; path = MockNetworkPathMonitor.swift; sourceTree = "<group>"; };
		04B68CA72AE6E57900B7EC28 /* MockNWPathMonitor.app */ = {isa = PBXFileReference; explicitFileType = wrapper.application; includeInIndex = 0; path = MockNWPathMonitor.app; sourceTree = BUILT_PRODUCTS_DIR; };
		04B68CAA2AE6E57900B7EC28 /* MockNWPathMonitorApp.swift */ = {isa = PBXFileReference; lastKnownFileType = sourcecode.swift; path = MockNWPathMonitorApp.swift; sourceTree = "<group>"; };
		04B68CAC2AE6E57900B7EC28 /* AppView.swift */ = {isa = PBXFileReference; lastKnownFileType = sourcecode.swift; path = AppView.swift; sourceTree = "<group>"; };
		04B68CAE2AE6E57A00B7EC28 /* Assets.xcassets */ = {isa = PBXFileReference; lastKnownFileType = folder.assetcatalog; path = Assets.xcassets; sourceTree = "<group>"; };
		04B68CB12AE6E57A00B7EC28 /* Preview Assets.xcassets */ = {isa = PBXFileReference; lastKnownFileType = folder.assetcatalog; path = "Preview Assets.xcassets"; sourceTree = "<group>"; };
		04B68CB72AE6E57B00B7EC28 /* MockNWPathMonitorTests.xctest */ = {isa = PBXFileReference; explicitFileType = wrapper.cfbundle; includeInIndex = 0; path = MockNWPathMonitorTests.xctest; sourceTree = BUILT_PRODUCTS_DIR; };
		04B68CD42AE6E6F400B7EC28 /* AppViewModel.swift */ = {isa = PBXFileReference; lastKnownFileType = sourcecode.swift; path = AppViewModel.swift; sourceTree = "<group>"; };
/* End PBXFileReference section */

/* Begin PBXFrameworksBuildPhase section */
		04B68CA42AE6E57900B7EC28 /* Frameworks */ = {
			isa = PBXFrameworksBuildPhase;
			buildActionMask = 2147483647;
			files = (
			);
			runOnlyForDeploymentPostprocessing = 0;
		};
		04B68CB42AE6E57B00B7EC28 /* Frameworks */ = {
			isa = PBXFrameworksBuildPhase;
			buildActionMask = 2147483647;
			files = (
			);
			runOnlyForDeploymentPostprocessing = 0;
		};
/* End PBXFrameworksBuildPhase section */

/* Begin PBXGroup section */
		04869A782AE763DB00109D86 /* Presentation */ = {
			isa = PBXGroup;
			children = (
				04B68CD42AE6E6F400B7EC28 /* AppViewModel.swift */,
				04B68CAC2AE6E57900B7EC28 /* AppView.swift */,
			);
			path = Presentation;
			sourceTree = "<group>";
		};
		04869A7B2AE7670300109D86 /* NetworkMonitor */ = {
			isa = PBXGroup;
			children = (
				04869A7C2AE76D7800109D86 /* NetworkPathMonitorProtocol.swift */,
				04869A7E2AE76DB400109D86 /* NetworkPathMonitor.swift */,
			);
			path = NetworkMonitor;
			sourceTree = "<group>";
		};
		04869A802AE7816900109D86 /* Mock */ = {
			isa = PBXGroup;
			children = (
				04869A812AE7817900109D86 /* MockNetworkPathMonitor.swift */,
			);
			path = Mock;
			sourceTree = "<group>";
		};
		04B68C9E2AE6E57900B7EC28 = {
			isa = PBXGroup;
			children = (
				04B68CA92AE6E57900B7EC28 /* MockNWPathMonitor */,
				04B68CBA2AE6E57B00B7EC28 /* MockNWPathMonitorTests */,
				04B68CA82AE6E57900B7EC28 /* Products */,
			);
			sourceTree = "<group>";
		};
		04B68CA82AE6E57900B7EC28 /* Products */ = {
			isa = PBXGroup;
			children = (
				04B68CA72AE6E57900B7EC28 /* MockNWPathMonitor.app */,
				04B68CB72AE6E57B00B7EC28 /* MockNWPathMonitorTests.xctest */,
			);
			name = Products;
			sourceTree = "<group>";
		};
		04B68CA92AE6E57900B7EC28 /* MockNWPathMonitor */ = {
			isa = PBXGroup;
			children = (
				04869A7B2AE7670300109D86 /* NetworkMonitor */,
				04869A782AE763DB00109D86 /* Presentation */,
				04B68CAA2AE6E57900B7EC28 /* MockNWPathMonitorApp.swift */,
				04B68CAE2AE6E57A00B7EC28 /* Assets.xcassets */,
				04B68CB02AE6E57A00B7EC28 /* Preview Content */,
			);
			path = MockNWPathMonitor;
			sourceTree = "<group>";
		};
		04B68CB02AE6E57A00B7EC28 /* Preview Content */ = {
			isa = PBXGroup;
			children = (
				04B68CB12AE6E57A00B7EC28 /* Preview Assets.xcassets */,
			);
			path = "Preview Content";
			sourceTree = "<group>";
		};
		04B68CBA2AE6E57B00B7EC28 /* MockNWPathMonitorTests */ = {
			isa = PBXGroup;
			children = (
				04869A802AE7816900109D86 /* Mock */,
			);
			path = MockNWPathMonitorTests;
			sourceTree = "<group>";
		};
/* End PBXGroup section */

/* Begin PBXNativeTarget section */
		04B68CA62AE6E57900B7EC28 /* MockNWPathMonitor */ = {
			isa = PBXNativeTarget;
			buildConfigurationList = 04B68CCB2AE6E57B00B7EC28 /* Build configuration list for PBXNativeTarget "MockNWPathMonitor" */;
			buildPhases = (
				04B68CA32AE6E57900B7EC28 /* Sources */,
				04B68CA42AE6E57900B7EC28 /* Frameworks */,
				04B68CA52AE6E57900B7EC28 /* Resources */,
			);
			buildRules = (
			);
			dependencies = (
			);
			name = MockNWPathMonitor;
			productName = MockNWPathMonitor;
			productReference = 04B68CA72AE6E57900B7EC28 /* MockNWPathMonitor.app */;
			productType = "com.apple.product-type.application";
		};
		04B68CB62AE6E57B00B7EC28 /* MockNWPathMonitorTests */ = {
			isa = PBXNativeTarget;
			buildConfigurationList = 04B68CCE2AE6E57B00B7EC28 /* Build configuration list for PBXNativeTarget "MockNWPathMonitorTests" */;
			buildPhases = (
				04B68CB32AE6E57B00B7EC28 /* Sources */,
				04B68CB42AE6E57B00B7EC28 /* Frameworks */,
				04B68CB52AE6E57B00B7EC28 /* Resources */,
			);
			buildRules = (
			);
			dependencies = (
				04B68CB92AE6E57B00B7EC28 /* PBXTargetDependency */,
			);
			name = MockNWPathMonitorTests;
			productName = MockNWPathMonitorTests;
			productReference = 04B68CB72AE6E57B00B7EC28 /* MockNWPathMonitorTests.xctest */;
			productType = "com.apple.product-type.bundle.unit-test";
		};
/* End PBXNativeTarget section */

/* Begin PBXProject section */
		04B68C9F2AE6E57900B7EC28 /* Project object */ = {
			isa = PBXProject;
			attributes = {
				BuildIndependentTargetsInParallel = 1;
				LastSwiftUpdateCheck = 1430;
				LastUpgradeCheck = 1430;
				TargetAttributes = {
					04B68CA62AE6E57900B7EC28 = {
						CreatedOnToolsVersion = 14.3.1;
					};
					04B68CB62AE6E57B00B7EC28 = {
						CreatedOnToolsVersion = 14.3.1;
						TestTargetID = 04B68CA62AE6E57900B7EC28;
					};
				};
			};
			buildConfigurationList = 04B68CA22AE6E57900B7EC28 /* Build configuration list for PBXProject "MockNWPathMonitor" */;
			compatibilityVersion = "Xcode 14.0";
			developmentRegion = en;
			hasScannedForEncodings = 0;
			knownRegions = (
				en,
				Base,
			);
			mainGroup = 04B68C9E2AE6E57900B7EC28;
			productRefGroup = 04B68CA82AE6E57900B7EC28 /* Products */;
			projectDirPath = "";
			projectRoot = "";
			targets = (
				04B68CA62AE6E57900B7EC28 /* MockNWPathMonitor */,
				04B68CB62AE6E57B00B7EC28 /* MockNWPathMonitorTests */,
			);
		};
/* End PBXProject section */

/* Begin PBXResourcesBuildPhase section */
		04B68CA52AE6E57900B7EC28 /* Resources */ = {
			isa = PBXResourcesBuildPhase;
			buildActionMask = 2147483647;
			files = (
				04B68CB22AE6E57A00B7EC28 /* Preview Assets.xcassets in Resources */,
				04B68CAF2AE6E57A00B7EC28 /* Assets.xcassets in Resources */,
			);
			runOnlyForDeploymentPostprocessing = 0;
		};
		04B68CB52AE6E57B00B7EC28 /* Resources */ = {
			isa = PBXResourcesBuildPhase;
			buildActionMask = 2147483647;
			files = (
			);
			runOnlyForDeploymentPostprocessing = 0;
		};
/* End PBXResourcesBuildPhase section */

/* Begin PBXSourcesBuildPhase section */
		04B68CA32AE6E57900B7EC28 /* Sources */ = {
			isa = PBXSourcesBuildPhase;
			buildActionMask = 2147483647;
			files = (
				04869A7D2AE76D7800109D86 /* NetworkPathMonitorProtocol.swift in Sources */,
				04B68CAD2AE6E57900B7EC28 /* AppView.swift in Sources */,
				04B68CAB2AE6E57900B7EC28 /* MockNWPathMonitorApp.swift in Sources */,
				04869A7F2AE76DB400109D86 /* NetworkPathMonitor.swift in Sources */,
				04B68CD52AE6E6F400B7EC28 /* AppViewModel.swift in Sources */,
			);
			runOnlyForDeploymentPostprocessing = 0;
		};
		04B68CB32AE6E57B00B7EC28 /* Sources */ = {
			isa = PBXSourcesBuildPhase;
			buildActionMask = 2147483647;
			files = (
				04869A822AE7817900109D86 /* MockNetworkPathMonitor.swift in Sources */,
			);
			runOnlyForDeploymentPostprocessing = 0;
		};
/* End PBXSourcesBuildPhase section */

/* Begin PBXTargetDependency section */
		04B68CB92AE6E57B00B7EC28 /* PBXTargetDependency */ = {
			isa = PBXTargetDependency;
			target = 04B68CA62AE6E57900B7EC28 /* MockNWPathMonitor */;
			targetProxy = 04B68CB82AE6E57B00B7EC28 /* PBXContainerItemProxy */;
		};
/* End PBXTargetDependency section */

/* Begin XCBuildConfiguration section */
		04B68CC92AE6E57B00B7EC28 /* Debug */ = {
			isa = XCBuildConfiguration;
			buildSettings = {
				ALWAYS_SEARCH_USER_PATHS = NO;
				CLANG_ANALYZER_NONNULL = YES;
				CLANG_ANALYZER_NUMBER_OBJECT_CONVERSION = YES_AGGRESSIVE;
				CLANG_CXX_LANGUAGE_STANDARD = "gnu++20";
				CLANG_ENABLE_MODULES = YES;
				CLANG_ENABLE_OBJC_ARC = YES;
				CLANG_ENABLE_OBJC_WEAK = YES;
				CLANG_WARN_BLOCK_CAPTURE_AUTORELEASING = YES;
				CLANG_WARN_BOOL_CONVERSION = YES;
				CLANG_WARN_COMMA = YES;
				CLANG_WARN_CONSTANT_CONVERSION = YES;
				CLANG_WARN_DEPRECATED_OBJC_IMPLEMENTATIONS = YES;
				CLANG_WARN_DIRECT_OBJC_ISA_USAGE = YES_ERROR;
				CLANG_WARN_DOCUMENTATION_COMMENTS = YES;
				CLANG_WARN_EMPTY_BODY = YES;
				CLANG_WARN_ENUM_CONVERSION = YES;
				CLANG_WARN_INFINITE_RECURSION = YES;
				CLANG_WARN_INT_CONVERSION = YES;
				CLANG_WARN_NON_LITERAL_NULL_CONVERSION = YES;
				CLANG_WARN_OBJC_IMPLICIT_RETAIN_SELF = YES;
				CLANG_WARN_OBJC_LITERAL_CONVERSION = YES;
				CLANG_WARN_OBJC_ROOT_CLASS = YES_ERROR;
				CLANG_WARN_QUOTED_INCLUDE_IN_FRAMEWORK_HEADER = YES;
				CLANG_WARN_RANGE_LOOP_ANALYSIS = YES;
				CLANG_WARN_STRICT_PROTOTYPES = YES;
				CLANG_WARN_SUSPICIOUS_MOVE = YES;
				CLANG_WARN_UNGUARDED_AVAILABILITY = YES_AGGRESSIVE;
				CLANG_WARN_UNREACHABLE_CODE = YES;
				CLANG_WARN__DUPLICATE_METHOD_MATCH = YES;
				COPY_PHASE_STRIP = NO;
				DEBUG_INFORMATION_FORMAT = dwarf;
				ENABLE_STRICT_OBJC_MSGSEND = YES;
				ENABLE_TESTABILITY = YES;
				GCC_C_LANGUAGE_STANDARD = gnu11;
				GCC_DYNAMIC_NO_PIC = NO;
				GCC_NO_COMMON_BLOCKS = YES;
				GCC_OPTIMIZATION_LEVEL = 0;
				GCC_PREPROCESSOR_DEFINITIONS = (
					"DEBUG=1",
					"$(inherited)",
				);
				GCC_WARN_64_TO_32_BIT_CONVERSION = YES;
				GCC_WARN_ABOUT_RETURN_TYPE = YES_ERROR;
				GCC_WARN_UNDECLARED_SELECTOR = YES;
				GCC_WARN_UNINITIALIZED_AUTOS = YES_AGGRESSIVE;
				GCC_WARN_UNUSED_FUNCTION = YES;
				GCC_WARN_UNUSED_VARIABLE = YES;
				IPHONEOS_DEPLOYMENT_TARGET = 16.4;
				MTL_ENABLE_DEBUG_INFO = INCLUDE_SOURCE;
				MTL_FAST_MATH = YES;
				ONLY_ACTIVE_ARCH = YES;
				SDKROOT = iphoneos;
				SWIFT_ACTIVE_COMPILATION_CONDITIONS = DEBUG;
				SWIFT_OPTIMIZATION_LEVEL = "-Onone";
			};
			name = Debug;
		};
		04B68CCA2AE6E57B00B7EC28 /* Release */ = {
			isa = XCBuildConfiguration;
			buildSettings = {
				ALWAYS_SEARCH_USER_PATHS = NO;
				CLANG_ANALYZER_NONNULL = YES;
				CLANG_ANALYZER_NUMBER_OBJECT_CONVERSION = YES_AGGRESSIVE;
				CLANG_CXX_LANGUAGE_STANDARD = "gnu++20";
				CLANG_ENABLE_MODULES = YES;
				CLANG_ENABLE_OBJC_ARC = YES;
				CLANG_ENABLE_OBJC_WEAK = YES;
				CLANG_WARN_BLOCK_CAPTURE_AUTORELEASING = YES;
				CLANG_WARN_BOOL_CONVERSION = YES;
				CLANG_WARN_COMMA = YES;
				CLANG_WARN_CONSTANT_CONVERSION = YES;
				CLANG_WARN_DEPRECATED_OBJC_IMPLEMENTATIONS = YES;
				CLANG_WARN_DIRECT_OBJC_ISA_USAGE = YES_ERROR;
				CLANG_WARN_DOCUMENTATION_COMMENTS = YES;
				CLANG_WARN_EMPTY_BODY = YES;
				CLANG_WARN_ENUM_CONVERSION = YES;
				CLANG_WARN_INFINITE_RECURSION = YES;
				CLANG_WARN_INT_CONVERSION = YES;
				CLANG_WARN_NON_LITERAL_NULL_CONVERSION = YES;
				CLANG_WARN_OBJC_IMPLICIT_RETAIN_SELF = YES;
				CLANG_WARN_OBJC_LITERAL_CONVERSION = YES;
				CLANG_WARN_OBJC_ROOT_CLASS = YES_ERROR;
				CLANG_WARN_QUOTED_INCLUDE_IN_FRAMEWORK_HEADER = YES;
				CLANG_WARN_RANGE_LOOP_ANALYSIS = YES;
				CLANG_WARN_STRICT_PROTOTYPES = YES;
				CLANG_WARN_SUSPICIOUS_MOVE = YES;
				CLANG_WARN_UNGUARDED_AVAILABILITY = YES_AGGRESSIVE;
				CLANG_WARN_UNREACHABLE_CODE = YES;
				CLANG_WARN__DUPLICATE_METHOD_MATCH = YES;
				COPY_PHASE_STRIP = NO;
				DEBUG_INFORMATION_FORMAT = "dwarf-with-dsym";
				ENABLE_NS_ASSERTIONS = NO;
				ENABLE_STRICT_OBJC_MSGSEND = YES;
				GCC_C_LANGUAGE_STANDARD = gnu11;
				GCC_NO_COMMON_BLOCKS = YES;
				GCC_WARN_64_TO_32_BIT_CONVERSION = YES;
				GCC_WARN_ABOUT_RETURN_TYPE = YES_ERROR;
				GCC_WARN_UNDECLARED_SELECTOR = YES;
				GCC_WARN_UNINITIALIZED_AUTOS = YES_AGGRESSIVE;
				GCC_WARN_UNUSED_FUNCTION = YES;
				GCC_WARN_UNUSED_VARIABLE = YES;
				IPHONEOS_DEPLOYMENT_TARGET = 16.4;
				MTL_ENABLE_DEBUG_INFO = NO;
				MTL_FAST_MATH = YES;
				SDKROOT = iphoneos;
				SWIFT_COMPILATION_MODE = wholemodule;
				SWIFT_OPTIMIZATION_LEVEL = "-O";
				VALIDATE_PRODUCT = YES;
			};
			name = Release;
		};
		04B68CCC2AE6E57B00B7EC28 /* Debug */ = {
			isa = XCBuildConfiguration;
			buildSettings = {
				ASSETCATALOG_COMPILER_APPICON_NAME = AppIcon;
				ASSETCATALOG_COMPILER_GLOBAL_ACCENT_COLOR_NAME = AccentColor;
				CODE_SIGN_STYLE = Automatic;
				CURRENT_PROJECT_VERSION = 1;
				DEVELOPMENT_ASSET_PATHS = "\"MockNWPathMonitor/Preview Content\"";
				DEVELOPMENT_TEAM = 6J7HMSP4RZ;
				ENABLE_PREVIEWS = YES;
				GENERATE_INFOPLIST_FILE = YES;
				INFOPLIST_KEY_UIApplicationSceneManifest_Generation = YES;
				INFOPLIST_KEY_UIApplicationSupportsIndirectInputEvents = YES;
				INFOPLIST_KEY_UILaunchScreen_Generation = YES;
				INFOPLIST_KEY_UISupportedInterfaceOrientations_iPad = "UIInterfaceOrientationPortrait UIInterfaceOrientationPortraitUpsideDown UIInterfaceOrientationLandscapeLeft UIInterfaceOrientationLandscapeRight";
				INFOPLIST_KEY_UISupportedInterfaceOrientations_iPhone = "UIInterfaceOrientationPortrait UIInterfaceOrientationLandscapeLeft UIInterfaceOrientationLandscapeRight";
				LD_RUNPATH_SEARCH_PATHS = (
					"$(inherited)",
					"@executable_path/Frameworks",
				);
				MARKETING_VERSION = 1.0;
				PRODUCT_BUNDLE_IDENTIFIER = com.taher.co.MockNWPathMonitor;
				PRODUCT_NAME = "$(TARGET_NAME)";
				SWIFT_EMIT_LOC_STRINGS = YES;
				SWIFT_VERSION = 5.0;
				TARGETED_DEVICE_FAMILY = "1,2";
			};
			name = Debug;
		};
		04B68CCD2AE6E57B00B7EC28 /* Release */ = {
			isa = XCBuildConfiguration;
			buildSettings = {
				ASSETCATALOG_COMPILER_APPICON_NAME = AppIcon;
				ASSETCATALOG_COMPILER_GLOBAL_ACCENT_COLOR_NAME = AccentColor;
				CODE_SIGN_STYLE = Automatic;
				CURRENT_PROJECT_VERSION = 1;
				DEVELOPMENT_ASSET_PATHS = "\"MockNWPathMonitor/Preview Content\"";
				DEVELOPMENT_TEAM = 6J7HMSP4RZ;
				ENABLE_PREVIEWS = YES;
				GENERATE_INFOPLIST_FILE = YES;
				INFOPLIST_KEY_UIApplicationSceneManifest_Generation = YES;
				INFOPLIST_KEY_UIApplicationSupportsIndirectInputEvents = YES;
				INFOPLIST_KEY_UILaunchScreen_Generation = YES;
				INFOPLIST_KEY_UISupportedInterfaceOrientations_iPad = "UIInterfaceOrientationPortrait UIInterfaceOrientationPortraitUpsideDown UIInterfaceOrientationLandscapeLeft UIInterfaceOrientationLandscapeRight";
				INFOPLIST_KEY_UISupportedInterfaceOrientations_iPhone = "UIInterfaceOrientationPortrait UIInterfaceOrientationLandscapeLeft UIInterfaceOrientationLandscapeRight";
				LD_RUNPATH_SEARCH_PATHS = (
					"$(inherited)",
					"@executable_path/Frameworks",
				);
				MARKETING_VERSION = 1.0;
				PRODUCT_BUNDLE_IDENTIFIER = com.taher.co.MockNWPathMonitor;
				PRODUCT_NAME = "$(TARGET_NAME)";
				SWIFT_EMIT_LOC_STRINGS = YES;
				SWIFT_VERSION = 5.0;
				TARGETED_DEVICE_FAMILY = "1,2";
			};
			name = Release;
		};
		04B68CCF2AE6E57B00B7EC28 /* Debug */ = {
			isa = XCBuildConfiguration;
			buildSettings = {
				ALWAYS_EMBED_SWIFT_STANDARD_LIBRARIES = YES;
				BUNDLE_LOADER = "$(TEST_HOST)";
				CODE_SIGN_STYLE = Automatic;
				CURRENT_PROJECT_VERSION = 1;
				DEVELOPMENT_TEAM = 6J7HMSP4RZ;
				GENERATE_INFOPLIST_FILE = YES;
				IPHONEOS_DEPLOYMENT_TARGET = 16.4;
				MARKETING_VERSION = 1.0;
				PRODUCT_BUNDLE_IDENTIFIER = com.taher.co.MockNWPathMonitorTests;
				PRODUCT_NAME = "$(TARGET_NAME)";
				SWIFT_EMIT_LOC_STRINGS = NO;
				SWIFT_VERSION = 5.0;
				TARGETED_DEVICE_FAMILY = "1,2";
				TEST_HOST = "$(BUILT_PRODUCTS_DIR)/MockNWPathMonitor.app/$(BUNDLE_EXECUTABLE_FOLDER_PATH)/MockNWPathMonitor";
			};
			name = Debug;
		};
		04B68CD02AE6E57B00B7EC28 /* Release */ = {
			isa = XCBuildConfiguration;
			buildSettings = {
				ALWAYS_EMBED_SWIFT_STANDARD_LIBRARIES = YES;
				BUNDLE_LOADER = "$(TEST_HOST)";
				CODE_SIGN_STYLE = Automatic;
				CURRENT_PROJECT_VERSION = 1;
				DEVELOPMENT_TEAM = 6J7HMSP4RZ;
				GENERATE_INFOPLIST_FILE = YES;
				IPHONEOS_DEPLOYMENT_TARGET = 16.4;
				MARKETING_VERSION = 1.0;
				PRODUCT_BUNDLE_IDENTIFIER = com.taher.co.MockNWPathMonitorTests;
				PRODUCT_NAME = "$(TARGET_NAME)";
				SWIFT_EMIT_LOC_STRINGS = NO;
				SWIFT_VERSION = 5.0;
				TARGETED_DEVICE_FAMILY = "1,2";
				TEST_HOST = "$(BUILT_PRODUCTS_DIR)/MockNWPathMonitor.app/$(BUNDLE_EXECUTABLE_FOLDER_PATH)/MockNWPathMonitor";
			};
			name = Release;
		};
/* End XCBuildConfiguration section */

/* Begin XCConfigurationList section */
		04B68CA22AE6E57900B7EC28 /* Build configuration list for PBXProject "MockNWPathMonitor" */ = {
			isa = XCConfigurationList;
			buildConfigurations = (
				04B68CC92AE6E57B00B7EC28 /* Debug */,
				04B68CCA2AE6E57B00B7EC28 /* Release */,
			);
			defaultConfigurationIsVisible = 0;
			defaultConfigurationName = Release;
		};
		04B68CCB2AE6E57B00B7EC28 /* Build configuration list for PBXNativeTarget "MockNWPathMonitor" */ = {
			isa = XCConfigurationList;
			buildConfigurations = (
				04B68CCC2AE6E57B00B7EC28 /* Debug */,
				04B68CCD2AE6E57B00B7EC28 /* Release */,
			);
			defaultConfigurationIsVisible = 0;
			defaultConfigurationName = Release;
		};
		04B68CCE2AE6E57B00B7EC28 /* Build configuration list for PBXNativeTarget "MockNWPathMonitorTests" */ = {
			isa = XCConfigurationList;
			buildConfigurations = (
				04B68CCF2AE6E57B00B7EC28 /* Debug */,
				04B68CD02AE6E57B00B7EC28 /* Release */,
			);
			defaultConfigurationIsVisible = 0;
			defaultConfigurationName = Release;
		};
/* End XCConfigurationList section */
	};
	rootObject = 04B68C9F2AE6E57900B7EC28 /* Project object */;
}
