// !$*UTF8*$!
{
	archiveVersion = 1;
	classes = {
	};
	objectVersion = 55;
	objects = {

/* Begin PBXBuildFile section */
		04232F462857A3D900A041B1 /* URLRequest+Extension.swift in Sources */ = {isa = PBXBuildFile; fileRef = 04232F452857A3D900A041B1 /* URLRequest+Extension.swift */; };
		046A3DCA2856531100185A41 /* AppDelegate.swift in Sources */ = {isa = PBXBuildFile; fileRef = 046A3DC92856531100185A41 /* AppDelegate.swift */; };
		046A3DCC2856531100185A41 /* SceneDelegate.swift in Sources */ = {isa = PBXBuildFile; fileRef = 046A3DCB2856531100185A41 /* SceneDelegate.swift */; };
		046A3DCE2856531100185A41 /* ViewController.swift in Sources */ = {isa = PBXBuildFile; fileRef = 046A3DCD2856531100185A41 /* ViewController.swift */; };
		046A3DD12856531100185A41 /* Main.storyboard in Resources */ = {isa = PBXBuildFile; fileRef = 046A3DCF2856531100185A41 /* Main.storyboard */; };
		046A3DD32856531200185A41 /* Assets.xcassets in Resources */ = {isa = PBXBuildFile; fileRef = 046A3DD22856531200185A41 /* Assets.xcassets */; };
		046A3DD62856531200185A41 /* LaunchScreen.storyboard in Resources */ = {isa = PBXBuildFile; fileRef = 046A3DD42856531200185A41 /* LaunchScreen.storyboard */; };
		046B6F4E28579F1A005A2EAA /* DataModel.swift in Sources */ = {isa = PBXBuildFile; fileRef = 046B6F4D28579F1A005A2EAA /* DataModel.swift */; };
		153FE49847C7727B441EB1AF /* Pods_WatherToday.framework in Frameworks */ = {isa = PBXBuildFile; fileRef = 76015A4936A524A6AD57B839 /* Pods_WatherToday.framework */; };
/* End PBXBuildFile section */

/* Begin PBXFileReference section */
		04232F452857A3D900A041B1 /* URLRequest+Extension.swift */ = {isa = PBXFileReference; lastKnownFileType = sourcecode.swift; path = "URLRequest+Extension.swift"; sourceTree = "<group>"; };
		046A3DC62856531100185A41 /* WatherToday.app */ = {isa = PBXFileReference; explicitFileType = wrapper.application; includeInIndex = 0; path = WatherToday.app; sourceTree = BUILT_PRODUCTS_DIR; };
		046A3DC92856531100185A41 /* AppDelegate.swift */ = {isa = PBXFileReference; lastKnownFileType = sourcecode.swift; path = AppDelegate.swift; sourceTree = "<group>"; };
		046A3DCB2856531100185A41 /* SceneDelegate.swift */ = {isa = PBXFileReference; lastKnownFileType = sourcecode.swift; path = SceneDelegate.swift; sourceTree = "<group>"; };
		046A3DCD2856531100185A41 /* ViewController.swift */ = {isa = PBXFileReference; lastKnownFileType = sourcecode.swift; path = ViewController.swift; sourceTree = "<group>"; };
		046A3DD02856531100185A41 /* Base */ = {isa = PBXFileReference; lastKnownFileType = file.storyboard; name = Base; path = Base.lproj/Main.storyboard; sourceTree = "<group>"; };
		046A3DD22856531200185A41 /* Assets.xcassets */ = {isa = PBXFileReference; lastKnownFileType = folder.assetcatalog; path = Assets.xcassets; sourceTree = "<group>"; };
		046A3DD52856531200185A41 /* Base */ = {isa = PBXFileReference; lastKnownFileType = file.storyboard; name = Base; path = Base.lproj/LaunchScreen.storyboard; sourceTree = "<group>"; };
		046A3DD72856531200185A41 /* Info.plist */ = {isa = PBXFileReference; lastKnownFileType = text.plist.xml; path = Info.plist; sourceTree = "<group>"; };
		046B6F4D28579F1A005A2EAA /* DataModel.swift */ = {isa = PBXFileReference; lastKnownFileType = sourcecode.swift; path = DataModel.swift; sourceTree = "<group>"; };
		76015A4936A524A6AD57B839 /* Pods_WatherToday.framework */ = {isa = PBXFileReference; explicitFileType = wrapper.framework; includeInIndex = 0; path = Pods_WatherToday.framework; sourceTree = BUILT_PRODUCTS_DIR; };
		93E36B8757DD2F66C99692D3 /* Pods-WatherToday.release.xcconfig */ = {isa = PBXFileReference; includeInIndex = 1; lastKnownFileType = text.xcconfig; name = "Pods-WatherToday.release.xcconfig"; path = "Target Support Files/Pods-WatherToday/Pods-WatherToday.release.xcconfig"; sourceTree = "<group>"; };
		A421A5AA253DCA2E8FB00329 /* Pods-WatherToday.debug.xcconfig */ = {isa = PBXFileReference; includeInIndex = 1; lastKnownFileType = text.xcconfig; name = "Pods-WatherToday.debug.xcconfig"; path = "Target Support Files/Pods-WatherToday/Pods-WatherToday.debug.xcconfig"; sourceTree = "<group>"; };
/* End PBXFileReference section */

/* Begin PBXFrameworksBuildPhase section */
		046A3DC32856531100185A41 /* Frameworks */ = {
			isa = PBXFrameworksBuildPhase;
			buildActionMask = 2147483647;
			files = (
				153FE49847C7727B441EB1AF /* Pods_WatherToday.framework in Frameworks */,
			);
			runOnlyForDeploymentPostprocessing = 0;
		};
/* End PBXFrameworksBuildPhase section */

/* Begin PBXGroup section */
		04232F402857A33A00A041B1 /* Model */ = {
			isa = PBXGroup;
			children = (
				046B6F4D28579F1A005A2EAA /* DataModel.swift */,
			);
			path = Model;
			sourceTree = "<group>";
		};
		04232F412857A34A00A041B1 /* Extension */ = {
			isa = PBXGroup;
			children = (
				04232F452857A3D900A041B1 /* URLRequest+Extension.swift */,
			);
			path = Extension;
			sourceTree = "<group>";
		};
		04232F422857A35C00A041B1 /* Asset */ = {
			isa = PBXGroup;
			children = (
				046A3DD22856531200185A41 /* Assets.xcassets */,
			);
			path = Asset;
			sourceTree = "<group>";
		};
		04232F432857A37000A041B1 /* Common */ = {
			isa = PBXGroup;
			children = (
				046A3DD42856531200185A41 /* LaunchScreen.storyboard */,
				046A3DCB2856531100185A41 /* SceneDelegate.swift */,
				046A3DC92856531100185A41 /* AppDelegate.swift */,
			);
			path = Common;
			sourceTree = "<group>";
		};
		04232F442857A3A800A041B1 /* view */ = {
			isa = PBXGroup;
			children = (
				046A3DCF2856531100185A41 /* Main.storyboard */,
				046A3DCD2856531100185A41 /* ViewController.swift */,
			);
			path = view;
			sourceTree = "<group>";
		};
		046A3DBD2856531100185A41 = {
			isa = PBXGroup;
			children = (
				046A3DC82856531100185A41 /* WatherToday */,
				046A3DC72856531100185A41 /* Products */,
				A5A56B382986E3DADAE6D826 /* Pods */,
				651286F3121B1FE0156151FE /* Frameworks */,
			);
			sourceTree = "<group>";
		};
		046A3DC72856531100185A41 /* Products */ = {
			isa = PBXGroup;
			children = (
				046A3DC62856531100185A41 /* WatherToday.app */,
			);
			name = Products;
			sourceTree = "<group>";
		};
		046A3DC82856531100185A41 /* WatherToday */ = {
			isa = PBXGroup;
			children = (
				04232F442857A3A800A041B1 /* view */,
				046A3DD72856531200185A41 /* Info.plist */,
				04232F432857A37000A041B1 /* Common */,
				04232F422857A35C00A041B1 /* Asset */,
				04232F412857A34A00A041B1 /* Extension */,
				04232F402857A33A00A041B1 /* Model */,
			);
			path = WatherToday;
			sourceTree = "<group>";
		};
		651286F3121B1FE0156151FE /* Frameworks */ = {
			isa = PBXGroup;
			children = (
				76015A4936A524A6AD57B839 /* Pods_WatherToday.framework */,
			);
			name = Frameworks;
			sourceTree = "<group>";
		};
		A5A56B382986E3DADAE6D826 /* Pods */ = {
			isa = PBXGroup;
			children = (
				A421A5AA253DCA2E8FB00329 /* Pods-WatherToday.debug.xcconfig */,
				93E36B8757DD2F66C99692D3 /* Pods-WatherToday.release.xcconfig */,
			);
			path = Pods;
			sourceTree = "<group>";
		};
/* End PBXGroup section */

/* Begin PBXNativeTarget section */
		046A3DC52856531100185A41 /* WatherToday */ = {
			isa = PBXNativeTarget;
			buildConfigurationList = 046A3DDA2856531200185A41 /* Build configuration list for PBXNativeTarget "WatherToday" */;
			buildPhases = (
				F908DA84B0ED0A69F66092E4 /* [CP] Check Pods Manifest.lock */,
				046A3DC22856531100185A41 /* Sources */,
				046A3DC32856531100185A41 /* Frameworks */,
				046A3DC42856531100185A41 /* Resources */,
				8F58D90006C18B3B6C816B6C /* [CP] Embed Pods Frameworks */,
			);
			buildRules = (
			);
			dependencies = (
			);
			name = WatherToday;
			productName = WatherToday;
			productReference = 046A3DC62856531100185A41 /* WatherToday.app */;
			productType = "com.apple.product-type.application";
		};
/* End PBXNativeTarget section */

/* Begin PBXProject section */
		046A3DBE2856531100185A41 /* Project object */ = {
			isa = PBXProject;
			attributes = {
				BuildIndependentTargetsInParallel = 1;
				LastSwiftUpdateCheck = 1340;
				LastUpgradeCheck = 1340;
				TargetAttributes = {
					046A3DC52856531100185A41 = {
						CreatedOnToolsVersion = 13.4.1;
					};
				};
			};
			buildConfigurationList = 046A3DC12856531100185A41 /* Build configuration list for PBXProject "WatherToday" */;
			compatibilityVersion = "Xcode 13.0";
			developmentRegion = en;
			hasScannedForEncodings = 0;
			knownRegions = (
				en,
				Base,
			);
			mainGroup = 046A3DBD2856531100185A41;
			productRefGroup = 046A3DC72856531100185A41 /* Products */;
			projectDirPath = "";
			projectRoot = "";
			targets = (
				046A3DC52856531100185A41 /* WatherToday */,
			);
		};
/* End PBXProject section */

/* Begin PBXResourcesBuildPhase section */
		046A3DC42856531100185A41 /* Resources */ = {
			isa = PBXResourcesBuildPhase;
			buildActionMask = 2147483647;
			files = (
				046A3DD62856531200185A41 /* LaunchScreen.storyboard in Resources */,
				046A3DD32856531200185A41 /* Assets.xcassets in Resources */,
				046A3DD12856531100185A41 /* Main.storyboard in Resources */,
			);
			runOnlyForDeploymentPostprocessing = 0;
		};
/* End PBXResourcesBuildPhase section */

/* Begin PBXShellScriptBuildPhase section */
		8F58D90006C18B3B6C816B6C /* [CP] Embed Pods Frameworks */ = {
			isa = PBXShellScriptBuildPhase;
			buildActionMask = 2147483647;
			files = (
			);
			inputFileListPaths = (
				"${PODS_ROOT}/Target Support Files/Pods-WatherToday/Pods-WatherToday-frameworks-${CONFIGURATION}-input-files.xcfilelist",
			);
			name = "[CP] Embed Pods Frameworks";
			outputFileListPaths = (
				"${PODS_ROOT}/Target Support Files/Pods-WatherToday/Pods-WatherToday-frameworks-${CONFIGURATION}-output-files.xcfilelist",
			);
			runOnlyForDeploymentPostprocessing = 0;
			shellPath = /bin/sh;
			shellScript = "\"${PODS_ROOT}/Target Support Files/Pods-WatherToday/Pods-WatherToday-frameworks.sh\"\n";
			showEnvVarsInLog = 0;
		};
		F908DA84B0ED0A69F66092E4 /* [CP] Check Pods Manifest.lock */ = {
			isa = PBXShellScriptBuildPhase;
			buildActionMask = 2147483647;
			files = (
			);
			inputFileListPaths = (
			);
			inputPaths = (
				"${PODS_PODFILE_DIR_PATH}/Podfile.lock",
				"${PODS_ROOT}/Manifest.lock",
			);
			name = "[CP] Check Pods Manifest.lock";
			outputFileListPaths = (
			);
			outputPaths = (
				"$(DERIVED_FILE_DIR)/Pods-WatherToday-checkManifestLockResult.txt",
			);
			runOnlyForDeploymentPostprocessing = 0;
			shellPath = /bin/sh;
			shellScript = "diff \"${PODS_PODFILE_DIR_PATH}/Podfile.lock\" \"${PODS_ROOT}/Manifest.lock\" > /dev/null\nif [ $? != 0 ] ; then\n    # print error to STDERR\n    echo \"error: The sandbox is not in sync with the Podfile.lock. Run 'pod install' or update your CocoaPods installation.\" >&2\n    exit 1\nfi\n# This output is used by Xcode 'outputs' to avoid re-running this script phase.\necho \"SUCCESS\" > \"${SCRIPT_OUTPUT_FILE_0}\"\n";
			showEnvVarsInLog = 0;
		};
/* End PBXShellScriptBuildPhase section */

/* Begin PBXSourcesBuildPhase section */
		046A3DC22856531100185A41 /* Sources */ = {
			isa = PBXSourcesBuildPhase;
			buildActionMask = 2147483647;
			files = (
				04232F462857A3D900A041B1 /* URLRequest+Extension.swift in Sources */,
				046A3DCE2856531100185A41 /* ViewController.swift in Sources */,
				046B6F4E28579F1A005A2EAA /* DataModel.swift in Sources */,
				046A3DCA2856531100185A41 /* AppDelegate.swift in Sources */,
				046A3DCC2856531100185A41 /* SceneDelegate.swift in Sources */,
			);
			runOnlyForDeploymentPostprocessing = 0;
		};
/* End PBXSourcesBuildPhase section */

/* Begin PBXVariantGroup section */
		046A3DCF2856531100185A41 /* Main.storyboard */ = {
			isa = PBXVariantGroup;
			children = (
				046A3DD02856531100185A41 /* Base */,
			);
			name = Main.storyboard;
			sourceTree = "<group>";
		};
		046A3DD42856531200185A41 /* LaunchScreen.storyboard */ = {
			isa = PBXVariantGroup;
			children = (
				046A3DD52856531200185A41 /* Base */,
			);
			name = LaunchScreen.storyboard;
			sourceTree = "<group>";
		};
/* End PBXVariantGroup section */

/* Begin XCBuildConfiguration section */
		046A3DD82856531200185A41 /* Debug */ = {
			isa = XCBuildConfiguration;
			buildSettings = {
				ALWAYS_SEARCH_USER_PATHS = NO;
				CLANG_ANALYZER_NONNULL = YES;
				CLANG_ANALYZER_NUMBER_OBJECT_CONVERSION = YES_AGGRESSIVE;
				CLANG_CXX_LANGUAGE_STANDARD = "gnu++17";
				CLANG_ENABLE_MODULES = YES;
				CLANG_ENABLE_OBJC_ARC = YES;
				CLANG_ENABLE_OBJC_WEAK = YES;
				CLANG_WARN_BLOCK_CAPTURE_AUTORELEASING = YES;
				CLANG_WARN_BOOL_CONVERSION = YES;
				CLANG_WARN_COMMA = YES;
				CLANG_WARN_CONSTANT_CONVERSION = YES;
				CLANG_WARN_DEPRECATED_OBJC_IMPLEMENTATIONS = YES;
				CLANG_WARN_DIRECT_OBJC_ISA_USAGE = YES_ERROR;
				CLANG_WARN_DOCUMENTATION_COMMENTS = YES;
				CLANG_WARN_EMPTY_BODY = YES;
				CLANG_WARN_ENUM_CONVERSION = YES;
				CLANG_WARN_INFINITE_RECURSION = YES;
				CLANG_WARN_INT_CONVERSION = YES;
				CLANG_WARN_NON_LITERAL_NULL_CONVERSION = YES;
				CLANG_WARN_OBJC_IMPLICIT_RETAIN_SELF = YES;
				CLANG_WARN_OBJC_LITERAL_CONVERSION = YES;
				CLANG_WARN_OBJC_ROOT_CLASS = YES_ERROR;
				CLANG_WARN_QUOTED_INCLUDE_IN_FRAMEWORK_HEADER = YES;
				CLANG_WARN_RANGE_LOOP_ANALYSIS = YES;
				CLANG_WARN_STRICT_PROTOTYPES = YES;
				CLANG_WARN_SUSPICIOUS_MOVE = YES;
				CLANG_WARN_UNGUARDED_AVAILABILITY = YES_AGGRESSIVE;
				CLANG_WARN_UNREACHABLE_CODE = YES;
				CLANG_WARN__DUPLICATE_METHOD_MATCH = YES;
				COPY_PHASE_STRIP = NO;
				DEBUG_INFORMATION_FORMAT = dwarf;
				ENABLE_STRICT_OBJC_MSGSEND = YES;
				ENABLE_TESTABILITY = YES;
				GCC_C_LANGUAGE_STANDARD = gnu11;
				GCC_DYNAMIC_NO_PIC = NO;
				GCC_NO_COMMON_BLOCKS = YES;
				GCC_OPTIMIZATION_LEVEL = 0;
				GCC_PREPROCESSOR_DEFINITIONS = (
					"DEBUG=1",
					"$(inherited)",
				);
				GCC_WARN_64_TO_32_BIT_CONVERSION = YES;
				GCC_WARN_ABOUT_RETURN_TYPE = YES_ERROR;
				GCC_WARN_UNDECLARED_SELECTOR = YES;
				GCC_WARN_UNINITIALIZED_AUTOS = YES_AGGRESSIVE;
				GCC_WARN_UNUSED_FUNCTION = YES;
				GCC_WARN_UNUSED_VARIABLE = YES;
				IPHONEOS_DEPLOYMENT_TARGET = 15.5;
				MTL_ENABLE_DEBUG_INFO = INCLUDE_SOURCE;
				MTL_FAST_MATH = YES;
				ONLY_ACTIVE_ARCH = YES;
				SDKROOT = iphoneos;
				SWIFT_ACTIVE_COMPILATION_CONDITIONS = DEBUG;
				SWIFT_OPTIMIZATION_LEVEL = "-Onone";
			};
			name = Debug;
		};
		046A3DD92856531200185A41 /* Release */ = {
			isa = XCBuildConfiguration;
			buildSettings = {
				ALWAYS_SEARCH_USER_PATHS = NO;
				CLANG_ANALYZER_NONNULL = YES;
				CLANG_ANALYZER_NUMBER_OBJECT_CONVERSION = YES_AGGRESSIVE;
				CLANG_CXX_LANGUAGE_STANDARD = "gnu++17";
				CLANG_ENABLE_MODULES = YES;
				CLANG_ENABLE_OBJC_ARC = YES;
				CLANG_ENABLE_OBJC_WEAK = YES;
				CLANG_WARN_BLOCK_CAPTURE_AUTORELEASING = YES;
				CLANG_WARN_BOOL_CONVERSION = YES;
				CLANG_WARN_COMMA = YES;
				CLANG_WARN_CONSTANT_CONVERSION = YES;
				CLANG_WARN_DEPRECATED_OBJC_IMPLEMENTATIONS = YES;
				CLANG_WARN_DIRECT_OBJC_ISA_USAGE = YES_ERROR;
				CLANG_WARN_DOCUMENTATION_COMMENTS = YES;
				CLANG_WARN_EMPTY_BODY = YES;
				CLANG_WARN_ENUM_CONVERSION = YES;
				CLANG_WARN_INFINITE_RECURSION = YES;
				CLANG_WARN_INT_CONVERSION = YES;
				CLANG_WARN_NON_LITERAL_NULL_CONVERSION = YES;
				CLANG_WARN_OBJC_IMPLICIT_RETAIN_SELF = YES;
				CLANG_WARN_OBJC_LITERAL_CONVERSION = YES;
				CLANG_WARN_OBJC_ROOT_CLASS = YES_ERROR;
				CLANG_WARN_QUOTED_INCLUDE_IN_FRAMEWORK_HEADER = YES;
				CLANG_WARN_RANGE_LOOP_ANALYSIS = YES;
				CLANG_WARN_STRICT_PROTOTYPES = YES;
				CLANG_WARN_SUSPICIOUS_MOVE = YES;
				CLANG_WARN_UNGUARDED_AVAILABILITY = YES_AGGRESSIVE;
				CLANG_WARN_UNREACHABLE_CODE = YES;
				CLANG_WARN__DUPLICATE_METHOD_MATCH = YES;
				COPY_PHASE_STRIP = NO;
				DEBUG_INFORMATION_FORMAT = "dwarf-with-dsym";
				ENABLE_NS_ASSERTIONS = NO;
				ENABLE_STRICT_OBJC_MSGSEND = YES;
				GCC_C_LANGUAGE_STANDARD = gnu11;
				GCC_NO_COMMON_BLOCKS = YES;
				GCC_WARN_64_TO_32_BIT_CONVERSION = YES;
				GCC_WARN_ABOUT_RETURN_TYPE = YES_ERROR;
				GCC_WARN_UNDECLARED_SELECTOR = YES;
				GCC_WARN_UNINITIALIZED_AUTOS = YES_AGGRESSIVE;
				GCC_WARN_UNUSED_FUNCTION = YES;
				GCC_WARN_UNUSED_VARIABLE = YES;
				IPHONEOS_DEPLOYMENT_TARGET = 15.5;
				MTL_ENABLE_DEBUG_INFO = NO;
				MTL_FAST_MATH = YES;
				SDKROOT = iphoneos;
				SWIFT_COMPILATION_MODE = wholemodule;
				SWIFT_OPTIMIZATION_LEVEL = "-O";
				VALIDATE_PRODUCT = YES;
			};
			name = Release;
		};
		046A3DDB2856531200185A41 /* Debug */ = {
			isa = XCBuildConfiguration;
			baseConfigurationReference = A421A5AA253DCA2E8FB00329 /* Pods-WatherToday.debug.xcconfig */;
			buildSettings = {
				ASSETCATALOG_COMPILER_APPICON_NAME = AppIcon;
				ASSETCATALOG_COMPILER_GLOBAL_ACCENT_COLOR_NAME = AccentColor;
				CODE_SIGN_STYLE = Automatic;
				CURRENT_PROJECT_VERSION = 1;
				GENERATE_INFOPLIST_FILE = YES;
				INFOPLIST_FILE = WatherToday/Info.plist;
				INFOPLIST_KEY_UIApplicationSupportsIndirectInputEvents = YES;
				INFOPLIST_KEY_UILaunchStoryboardName = LaunchScreen;
				INFOPLIST_KEY_UIMainStoryboardFile = Main;
				INFOPLIST_KEY_UISupportedInterfaceOrientations_iPad = "UIInterfaceOrientationPortrait UIInterfaceOrientationPortraitUpsideDown UIInterfaceOrientationLandscapeLeft UIInterfaceOrientationLandscapeRight";
				INFOPLIST_KEY_UISupportedInterfaceOrientations_iPhone = "UIInterfaceOrientationPortrait UIInterfaceOrientationLandscapeLeft UIInterfaceOrientationLandscapeRight";
				LD_RUNPATH_SEARCH_PATHS = (
					"$(inherited)",
					"@executable_path/Frameworks",
				);
				MARKETING_VERSION = 1.0;
				PRODUCT_BUNDLE_IDENTIFIER = asif.com.WatherToday;
				PRODUCT_NAME = "$(TARGET_NAME)";
				SWIFT_EMIT_LOC_STRINGS = YES;
				SWIFT_VERSION = 5.0;
				TARGETED_DEVICE_FAMILY = "1,2";
			};
			name = Debug;
		};
		046A3DDC2856531200185A41 /* Release */ = {
			isa = XCBuildConfiguration;
			baseConfigurationReference = 93E36B8757DD2F66C99692D3 /* Pods-WatherToday.release.xcconfig */;
			buildSettings = {
				ASSETCATALOG_COMPILER_APPICON_NAME = AppIcon;
				ASSETCATALOG_COMPILER_GLOBAL_ACCENT_COLOR_NAME = AccentColor;
				CODE_SIGN_STYLE = Automatic;
				CURRENT_PROJECT_VERSION = 1;
				GENERATE_INFOPLIST_FILE = YES;
				INFOPLIST_FILE = WatherToday/Info.plist;
				INFOPLIST_KEY_UIApplicationSupportsIndirectInputEvents = YES;
				INFOPLIST_KEY_UILaunchStoryboardName = LaunchScreen;
				INFOPLIST_KEY_UIMainStoryboardFile = Main;
				INFOPLIST_KEY_UISupportedInterfaceOrientations_iPad = "UIInterfaceOrientationPortrait UIInterfaceOrientationPortraitUpsideDown UIInterfaceOrientationLandscapeLeft UIInterfaceOrientationLandscapeRight";
				INFOPLIST_KEY_UISupportedInterfaceOrientations_iPhone = "UIInterfaceOrientationPortrait UIInterfaceOrientationLandscapeLeft UIInterfaceOrientationLandscapeRight";
				LD_RUNPATH_SEARCH_PATHS = (
					"$(inherited)",
					"@executable_path/Frameworks",
				);
				MARKETING_VERSION = 1.0;
				PRODUCT_BUNDLE_IDENTIFIER = asif.com.WatherToday;
				PRODUCT_NAME = "$(TARGET_NAME)";
				SWIFT_EMIT_LOC_STRINGS = YES;
				SWIFT_VERSION = 5.0;
				TARGETED_DEVICE_FAMILY = "1,2";
			};
			name = Release;
		};
/* End XCBuildConfiguration section */

/* Begin XCConfigurationList section */
		046A3DC12856531100185A41 /* Build configuration list for PBXProject "WatherToday" */ = {
			isa = XCConfigurationList;
			buildConfigurations = (
				046A3DD82856531200185A41 /* Debug */,
				046A3DD92856531200185A41 /* Release */,
			);
			defaultConfigurationIsVisible = 0;
			defaultConfigurationName = Release;
		};
		046A3DDA2856531200185A41 /* Build configuration list for PBXNativeTarget "WatherToday" */ = {
			isa = XCConfigurationList;
			buildConfigurations = (
				046A3DDB2856531200185A41 /* Debug */,
				046A3DDC2856531200185A41 /* Release */,
			);
			defaultConfigurationIsVisible = 0;
			defaultConfigurationName = Release;
		};
/* End XCConfigurationList section */
	};
	rootObject = 046A3DBE2856531100185A41 /* Project object */;
}
